// !$*UTF8*$!
{
	archiveVersion = 1;
	classes = {
	};
	objectVersion = 46;
	objects = {

/* Begin PBXBuildFile section */
		F12E1885198D6782001C2572 /* OtherThing.swift in Sources */ = {isa = PBXBuildFile; fileRef = F12E1884198D6782001C2572 /* OtherThing.swift */; };
		F17F9C65198E458A00F6B728 /* ListingView.swift in Sources */ = {isa = PBXBuildFile; fileRef = F17F9C64198E458A00F6B728 /* ListingView.swift */; };
		F17F9C67198E469300F6B728 /* OtherThingsViewController.swift in Sources */ = {isa = PBXBuildFile; fileRef = F17F9C66198E469300F6B728 /* OtherThingsViewController.swift */; };
		F17F9C69198E46F500F6B728 /* ListingViewController.swift in Sources */ = {isa = PBXBuildFile; fileRef = F17F9C68198E46F500F6B728 /* ListingViewController.swift */; };
		F1CC0F351989F37A006EB00F /* AppDelegate.swift in Sources */ = {isa = PBXBuildFile; fileRef = F1CC0F341989F37A006EB00F /* AppDelegate.swift */; };
		F1CC0F381989F37A006EB00F /* CoreDataPlayground.xcdatamodeld in Sources */ = {isa = PBXBuildFile; fileRef = F1CC0F361989F37A006EB00F /* CoreDataPlayground.xcdatamodeld */; };
		F1CC0F3F1989F37A006EB00F /* Images.xcassets in Resources */ = {isa = PBXBuildFile; fileRef = F1CC0F3E1989F37A006EB00F /* Images.xcassets */; };
		F1CC0F4B1989F37A006EB00F /* CoreDataPlaygroundTests.swift in Sources */ = {isa = PBXBuildFile; fileRef = F1CC0F4A1989F37A006EB00F /* CoreDataPlaygroundTests.swift */; };
		F1CC0F58198AC5E9006EB00F /* Thing.swift in Sources */ = {isa = PBXBuildFile; fileRef = F1CC0F57198AC5E9006EB00F /* Thing.swift */; };
		F1CC0F5A198AC646006EB00F /* ThingView.swift in Sources */ = {isa = PBXBuildFile; fileRef = F1CC0F59198AC646006EB00F /* ThingView.swift */; };
		F1CC0F62198AE59F006EB00F /* ThingsViewController.swift in Sources */ = {isa = PBXBuildFile; fileRef = F1CC0F61198AE59F006EB00F /* ThingsViewController.swift */; };
		F1CC0F64198AF589006EB00F /* ThingAddViewController.swift in Sources */ = {isa = PBXBuildFile; fileRef = F1CC0F63198AF589006EB00F /* ThingAddViewController.swift */; };
		F1CC0F68198AF5FB006EB00F /* ThingAddView.swift in Sources */ = {isa = PBXBuildFile; fileRef = F1CC0F67198AF5FB006EB00F /* ThingAddView.swift */; };
/* End PBXBuildFile section */

/* Begin PBXContainerItemProxy section */
		F1CC0F451989F37A006EB00F /* PBXContainerItemProxy */ = {
			isa = PBXContainerItemProxy;
			containerPortal = F1CC0F271989F37A006EB00F /* Project object */;
			proxyType = 1;
			remoteGlobalIDString = F1CC0F2E1989F37A006EB00F;
			remoteInfo = CoreDataPlayground;
		};
		F1CC0F5B198ACB6F006EB00F /* PBXContainerItemProxy */ = {
			isa = PBXContainerItemProxy;
			containerPortal = F1CC0F271989F37A006EB00F /* Project object */;
			proxyType = 1;
			remoteGlobalIDString = F1CC0F2E1989F37A006EB00F;
			remoteInfo = CoreDataPlayground;
		};
		F1CC0F5D198ACB6F006EB00F /* PBXContainerItemProxy */ = {
			isa = PBXContainerItemProxy;
			containerPortal = F1CC0F271989F37A006EB00F /* Project object */;
			proxyType = 1;
			remoteGlobalIDString = F1CC0F2E1989F37A006EB00F;
			remoteInfo = CoreDataPlayground;
		};
/* End PBXContainerItemProxy section */

/* Begin PBXFileReference section */
		F12E1884198D6782001C2572 /* OtherThing.swift */ = {isa = PBXFileReference; fileEncoding = 4; lastKnownFileType = sourcecode.swift; path = OtherThing.swift; sourceTree = "<group>"; };
		F17F9C64198E458A00F6B728 /* ListingView.swift */ = {isa = PBXFileReference; fileEncoding = 4; lastKnownFileType = sourcecode.swift; path = ListingView.swift; sourceTree = "<group>"; };
		F17F9C66198E469300F6B728 /* OtherThingsViewController.swift */ = {isa = PBXFileReference; fileEncoding = 4; lastKnownFileType = sourcecode.swift; path = OtherThingsViewController.swift; sourceTree = "<group>"; };
		F17F9C68198E46F500F6B728 /* ListingViewController.swift */ = {isa = PBXFileReference; fileEncoding = 4; lastKnownFileType = sourcecode.swift; path = ListingViewController.swift; sourceTree = "<group>"; };
		F1CC0F2F1989F37A006EB00F /* CoreDataPlayground.app */ = {isa = PBXFileReference; explicitFileType = wrapper.application; includeInIndex = 0; path = CoreDataPlayground.app; sourceTree = BUILT_PRODUCTS_DIR; };
		F1CC0F331989F37A006EB00F /* Info.plist */ = {isa = PBXFileReference; lastKnownFileType = text.plist.xml; path = Info.plist; sourceTree = "<group>"; };
		F1CC0F341989F37A006EB00F /* AppDelegate.swift */ = {isa = PBXFileReference; lastKnownFileType = sourcecode.swift; path = AppDelegate.swift; sourceTree = "<group>"; };
		F1CC0F371989F37A006EB00F /* CoreDataPlayground.xcdatamodel */ = {isa = PBXFileReference; lastKnownFileType = wrapper.xcdatamodel; path = CoreDataPlayground.xcdatamodel; sourceTree = "<group>"; };
		F1CC0F3E1989F37A006EB00F /* Images.xcassets */ = {isa = PBXFileReference; lastKnownFileType = folder.assetcatalog; path = Images.xcassets; sourceTree = "<group>"; };
		F1CC0F441989F37A006EB00F /* CoreDataPlaygroundTests.xctest */ = {isa = PBXFileReference; explicitFileType = wrapper.cfbundle; includeInIndex = 0; path = CoreDataPlaygroundTests.xctest; sourceTree = BUILT_PRODUCTS_DIR; };
		F1CC0F491989F37A006EB00F /* Info.plist */ = {isa = PBXFileReference; lastKnownFileType = text.plist.xml; path = Info.plist; sourceTree = "<group>"; };
		F1CC0F4A1989F37A006EB00F /* CoreDataPlaygroundTests.swift */ = {isa = PBXFileReference; lastKnownFileType = sourcecode.swift; path = CoreDataPlaygroundTests.swift; sourceTree = "<group>"; };
		F1CC0F56198AC5E8006EB00F /* CoreDataPlayground-Bridging-Header.h */ = {isa = PBXFileReference; lastKnownFileType = sourcecode.c.h; path = "CoreDataPlayground-Bridging-Header.h"; sourceTree = "<group>"; };
		F1CC0F57198AC5E9006EB00F /* Thing.swift */ = {isa = PBXFileReference; fileEncoding = 4; lastKnownFileType = sourcecode.swift; path = Thing.swift; sourceTree = "<group>"; };
		F1CC0F59198AC646006EB00F /* ThingView.swift */ = {isa = PBXFileReference; fileEncoding = 4; lastKnownFileType = sourcecode.swift; path = ThingView.swift; sourceTree = "<group>"; };
		F1CC0F61198AE59F006EB00F /* ThingsViewController.swift */ = {isa = PBXFileReference; fileEncoding = 4; lastKnownFileType = sourcecode.swift; path = ThingsViewController.swift; sourceTree = "<group>"; };
		F1CC0F63198AF589006EB00F /* ThingAddViewController.swift */ = {isa = PBXFileReference; fileEncoding = 4; lastKnownFileType = sourcecode.swift; path = ThingAddViewController.swift; sourceTree = "<group>"; };
		F1CC0F67198AF5FB006EB00F /* ThingAddView.swift */ = {isa = PBXFileReference; fileEncoding = 4; lastKnownFileType = sourcecode.swift; path = ThingAddView.swift; sourceTree = "<group>"; };
/* End PBXFileReference section */

/* Begin PBXFrameworksBuildPhase section */
		F1CC0F2C1989F37A006EB00F /* Frameworks */ = {
			isa = PBXFrameworksBuildPhase;
			buildActionMask = 2147483647;
			files = (
			);
			runOnlyForDeploymentPostprocessing = 0;
		};
		F1CC0F411989F37A006EB00F /* Frameworks */ = {
			isa = PBXFrameworksBuildPhase;
			buildActionMask = 2147483647;
			files = (
			);
			runOnlyForDeploymentPostprocessing = 0;
		};
/* End PBXFrameworksBuildPhase section */

/* Begin PBXGroup section */
		F1CC0F261989F37A006EB00F = {
			isa = PBXGroup;
			children = (
				F1CC0F311989F37A006EB00F /* CoreDataPlayground */,
				F1CC0F471989F37A006EB00F /* CoreDataPlaygroundTests */,
				F1CC0F301989F37A006EB00F /* Products */,
			);
			sourceTree = "<group>";
		};
		F1CC0F301989F37A006EB00F /* Products */ = {
			isa = PBXGroup;
			children = (
				F1CC0F2F1989F37A006EB00F /* CoreDataPlayground.app */,
				F1CC0F441989F37A006EB00F /* CoreDataPlaygroundTests.xctest */,
			);
			name = Products;
			sourceTree = "<group>";
		};
		F1CC0F311989F37A006EB00F /* CoreDataPlayground */ = {
			isa = PBXGroup;
			children = (
				F1CC0F341989F37A006EB00F /* AppDelegate.swift */,
				F1CC0F3E1989F37A006EB00F /* Images.xcassets */,
				F1CC0F361989F37A006EB00F /* CoreDataPlayground.xcdatamodeld */,
				F1CC0F57198AC5E9006EB00F /* Thing.swift */,
				F12E1884198D6782001C2572 /* OtherThing.swift */,
				F1CC0F59198AC646006EB00F /* ThingView.swift */,
				F1CC0F61198AE59F006EB00F /* ThingsViewController.swift */,
				F1CC0F321989F37A006EB00F /* Supporting Files */,
				F1CC0F56198AC5E8006EB00F /* CoreDataPlayground-Bridging-Header.h */,
				F1CC0F63198AF589006EB00F /* ThingAddViewController.swift */,
				F1CC0F67198AF5FB006EB00F /* ThingAddView.swift */,
				F17F9C64198E458A00F6B728 /* ListingView.swift */,
				F17F9C66198E469300F6B728 /* OtherThingsViewController.swift */,
				F17F9C68198E46F500F6B728 /* ListingViewController.swift */,
			);
			path = CoreDataPlayground;
			sourceTree = "<group>";
		};
		F1CC0F321989F37A006EB00F /* Supporting Files */ = {
			isa = PBXGroup;
			children = (
				F1CC0F331989F37A006EB00F /* Info.plist */,
			);
			name = "Supporting Files";
			sourceTree = "<group>";
		};
		F1CC0F471989F37A006EB00F /* CoreDataPlaygroundTests */ = {
			isa = PBXGroup;
			children = (
				F1CC0F4A1989F37A006EB00F /* CoreDataPlaygroundTests.swift */,
				F1CC0F481989F37A006EB00F /* Supporting Files */,
			);
			path = CoreDataPlaygroundTests;
			sourceTree = "<group>";
		};
		F1CC0F481989F37A006EB00F /* Supporting Files */ = {
			isa = PBXGroup;
			children = (
				F1CC0F491989F37A006EB00F /* Info.plist */,
			);
			name = "Supporting Files";
			sourceTree = "<group>";
		};
/* End PBXGroup section */

/* Begin PBXNativeTarget section */
		F1CC0F2E1989F37A006EB00F /* CoreDataPlayground */ = {
			isa = PBXNativeTarget;
			buildConfigurationList = F1CC0F4E1989F37A006EB00F /* Build configuration list for PBXNativeTarget "CoreDataPlayground" */;
			buildPhases = (
				F1CC0F2B1989F37A006EB00F /* Sources */,
				F1CC0F2C1989F37A006EB00F /* Frameworks */,
				F1CC0F2D1989F37A006EB00F /* Resources */,
			);
			buildRules = (
			);
			dependencies = (
			);
			name = CoreDataPlayground;
			productName = CoreDataPlayground;
			productReference = F1CC0F2F1989F37A006EB00F /* CoreDataPlayground.app */;
			productType = "com.apple.product-type.application";
		};
		F1CC0F431989F37A006EB00F /* CoreDataPlaygroundTests */ = {
			isa = PBXNativeTarget;
			buildConfigurationList = F1CC0F511989F37A006EB00F /* Build configuration list for PBXNativeTarget "CoreDataPlaygroundTests" */;
			buildPhases = (
				F1CC0F401989F37A006EB00F /* Sources */,
				F1CC0F411989F37A006EB00F /* Frameworks */,
				F1CC0F421989F37A006EB00F /* Resources */,
			);
			buildRules = (
			);
			dependencies = (
				F1CC0F461989F37A006EB00F /* PBXTargetDependency */,
				F1CC0F5C198ACB6F006EB00F /* PBXTargetDependency */,
				F1CC0F5E198ACB6F006EB00F /* PBXTargetDependency */,
			);
			name = CoreDataPlaygroundTests;
			productName = CoreDataPlaygroundTests;
			productReference = F1CC0F441989F37A006EB00F /* CoreDataPlaygroundTests.xctest */;
			productType = "com.apple.product-type.bundle.unit-test";
		};
/* End PBXNativeTarget section */

/* Begin PBXProject section */
		F1CC0F271989F37A006EB00F /* Project object */ = {
			isa = PBXProject;
			attributes = {
				LastUpgradeCheck = 0600;
				ORGANIZATIONNAME = "Tom Abraham";
				TargetAttributes = {
					F1CC0F2E1989F37A006EB00F = {
						CreatedOnToolsVersion = 6.0;
					};
					F1CC0F431989F37A006EB00F = {
						CreatedOnToolsVersion = 6.0;
						TestTargetID = F1CC0F2E1989F37A006EB00F;
					};
				};
			};
			buildConfigurationList = F1CC0F2A1989F37A006EB00F /* Build configuration list for PBXProject "CoreDataPlayground" */;
			compatibilityVersion = "Xcode 3.2";
			developmentRegion = English;
			hasScannedForEncodings = 0;
			knownRegions = (
				en,
				Base,
			);
			mainGroup = F1CC0F261989F37A006EB00F;
			productRefGroup = F1CC0F301989F37A006EB00F /* Products */;
			projectDirPath = "";
			projectRoot = "";
			targets = (
				F1CC0F2E1989F37A006EB00F /* CoreDataPlayground */,
				F1CC0F431989F37A006EB00F /* CoreDataPlaygroundTests */,
			);
		};
/* End PBXProject section */

/* Begin PBXResourcesBuildPhase section */
		F1CC0F2D1989F37A006EB00F /* Resources */ = {
			isa = PBXResourcesBuildPhase;
			buildActionMask = 2147483647;
			files = (
				F1CC0F3F1989F37A006EB00F /* Images.xcassets in Resources */,
			);
			runOnlyForDeploymentPostprocessing = 0;
		};
		F1CC0F421989F37A006EB00F /* Resources */ = {
			isa = PBXResourcesBuildPhase;
			buildActionMask = 2147483647;
			files = (
			);
			runOnlyForDeploymentPostprocessing = 0;
		};
/* End PBXResourcesBuildPhase section */

/* Begin PBXSourcesBuildPhase section */
		F1CC0F2B1989F37A006EB00F /* Sources */ = {
			isa = PBXSourcesBuildPhase;
			buildActionMask = 2147483647;
			files = (
				F1CC0F58198AC5E9006EB00F /* Thing.swift in Sources */,
				F17F9C67198E469300F6B728 /* OtherThingsViewController.swift in Sources */,
				F17F9C69198E46F500F6B728 /* ListingViewController.swift in Sources */,
				F1CC0F351989F37A006EB00F /* AppDelegate.swift in Sources */,
				F17F9C65198E458A00F6B728 /* ListingView.swift in Sources */,
				F1CC0F68198AF5FB006EB00F /* ThingAddView.swift in Sources */,
				F1CC0F62198AE59F006EB00F /* ThingsViewController.swift in Sources */,
				F1CC0F5A198AC646006EB00F /* ThingView.swift in Sources */,
				F1CC0F381989F37A006EB00F /* CoreDataPlayground.xcdatamodeld in Sources */,
				F1CC0F64198AF589006EB00F /* ThingAddViewController.swift in Sources */,
				F12E1885198D6782001C2572 /* OtherThing.swift in Sources */,
			);
			runOnlyForDeploymentPostprocessing = 0;
		};
		F1CC0F401989F37A006EB00F /* Sources */ = {
			isa = PBXSourcesBuildPhase;
			buildActionMask = 2147483647;
			files = (
				F1CC0F4B1989F37A006EB00F /* CoreDataPlaygroundTests.swift in Sources */,
			);
			runOnlyForDeploymentPostprocessing = 0;
		};
/* End PBXSourcesBuildPhase section */

/* Begin PBXTargetDependency section */
		F1CC0F461989F37A006EB00F /* PBXTargetDependency */ = {
			isa = PBXTargetDependency;
			target = F1CC0F2E1989F37A006EB00F /* CoreDataPlayground */;
			targetProxy = F1CC0F451989F37A006EB00F /* PBXContainerItemProxy */;
		};
		F1CC0F5C198ACB6F006EB00F /* PBXTargetDependency */ = {
			isa = PBXTargetDependency;
			target = F1CC0F2E1989F37A006EB00F /* CoreDataPlayground */;
			targetProxy = F1CC0F5B198ACB6F006EB00F /* PBXContainerItemProxy */;
		};
		F1CC0F5E198ACB6F006EB00F /* PBXTargetDependency */ = {
			isa = PBXTargetDependency;
			target = F1CC0F2E1989F37A006EB00F /* CoreDataPlayground */;
			targetProxy = F1CC0F5D198ACB6F006EB00F /* PBXContainerItemProxy */;
		};
/* End PBXTargetDependency section */

/* Begin XCBuildConfiguration section */
		F1CC0F4C1989F37A006EB00F /* Debug */ = {
			isa = XCBuildConfiguration;
			buildSettings = {
				ALWAYS_SEARCH_USER_PATHS = NO;
				CLANG_CXX_LANGUAGE_STANDARD = "gnu++0x";
				CLANG_CXX_LIBRARY = "libc++";
				CLANG_ENABLE_MODULES = YES;
				CLANG_ENABLE_OBJC_ARC = YES;
				CLANG_WARN_BOOL_CONVERSION = YES;
				CLANG_WARN_CONSTANT_CONVERSION = YES;
				CLANG_WARN_DIRECT_OBJC_ISA_USAGE = YES_ERROR;
				CLANG_WARN_EMPTY_BODY = YES;
				CLANG_WARN_ENUM_CONVERSION = YES;
				CLANG_WARN_INT_CONVERSION = YES;
				CLANG_WARN_OBJC_ROOT_CLASS = YES_ERROR;
				CLANG_WARN_UNREACHABLE_CODE = YES;
				CLANG_WARN__DUPLICATE_METHOD_MATCH = YES;
				"CODE_SIGN_IDENTITY[sdk=iphoneos*]" = "iPhone Developer";
				COPY_PHASE_STRIP = NO;
				ENABLE_STRICT_OBJC_MSGSEND = YES;
				GCC_C_LANGUAGE_STANDARD = gnu99;
				GCC_DYNAMIC_NO_PIC = NO;
				GCC_OPTIMIZATION_LEVEL = 0;
				GCC_PREPROCESSOR_DEFINITIONS = (
					"DEBUG=1",
					"$(inherited)",
				);
				GCC_SYMBOLS_PRIVATE_EXTERN = NO;
				GCC_WARN_64_TO_32_BIT_CONVERSION = YES;
				GCC_WARN_ABOUT_RETURN_TYPE = YES_ERROR;
				GCC_WARN_UNDECLARED_SELECTOR = YES;
				GCC_WARN_UNINITIALIZED_AUTOS = YES_AGGRESSIVE;
				GCC_WARN_UNUSED_FUNCTION = YES;
				GCC_WARN_UNUSED_VARIABLE = YES;
				IPHONEOS_DEPLOYMENT_TARGET = 8.0;
				MTL_ENABLE_DEBUG_INFO = YES;
				ONLY_ACTIVE_ARCH = YES;
				SDKROOT = iphoneos;
				SWIFT_OPTIMIZATION_LEVEL = "-Onone";
				TARGETED_DEVICE_FAMILY = "1,2";
			};
			name = Debug;
		};
		F1CC0F4D1989F37A006EB00F /* Release */ = {
			isa = XCBuildConfiguration;
			buildSettings = {
				ALWAYS_SEARCH_USER_PATHS = NO;
				CLANG_CXX_LANGUAGE_STANDARD = "gnu++0x";
				CLANG_CXX_LIBRARY = "libc++";
				CLANG_ENABLE_MODULES = YES;
				CLANG_ENABLE_OBJC_ARC = YES;
				CLANG_WARN_BOOL_CONVERSION = YES;
				CLANG_WARN_CONSTANT_CONVERSION = YES;
				CLANG_WARN_DIRECT_OBJC_ISA_USAGE = YES_ERROR;
				CLANG_WARN_EMPTY_BODY = YES;
				CLANG_WARN_ENUM_CONVERSION = YES;
				CLANG_WARN_INT_CONVERSION = YES;
				CLANG_WARN_OBJC_ROOT_CLASS = YES_ERROR;
				CLANG_WARN_UNREACHABLE_CODE = YES;
				CLANG_WARN__DUPLICATE_METHOD_MATCH = YES;
				"CODE_SIGN_IDENTITY[sdk=iphoneos*]" = "iPhone Developer";
				COPY_PHASE_STRIP = YES;
				ENABLE_NS_ASSERTIONS = NO;
				ENABLE_STRICT_OBJC_MSGSEND = YES;
				GCC_C_LANGUAGE_STANDARD = gnu99;
				GCC_WARN_64_TO_32_BIT_CONVERSION = YES;
				GCC_WARN_ABOUT_RETURN_TYPE = YES_ERROR;
				GCC_WARN_UNDECLARED_SELECTOR = YES;
				GCC_WARN_UNINITIALIZED_AUTOS = YES_AGGRESSIVE;
				GCC_WARN_UNUSED_FUNCTION = YES;
				GCC_WARN_UNUSED_VARIABLE = YES;
				IPHONEOS_DEPLOYMENT_TARGET = 8.0;
				MTL_ENABLE_DEBUG_INFO = NO;
				SDKROOT = iphoneos;
				TARGETED_DEVICE_FAMILY = "1,2";
				VALIDATE_PRODUCT = YES;
			};
			name = Release;
		};
		F1CC0F4F1989F37A006EB00F /* Debug */ = {
			isa = XCBuildConfiguration;
			buildSettings = {
				ASSETCATALOG_COMPILER_APPICON_NAME = AppIcon;
				ASSETCATALOG_COMPILER_LAUNCHIMAGE_NAME = LaunchImage;
				CLANG_ENABLE_MODULES = YES;
				INFOPLIST_FILE = CoreDataPlayground/Info.plist;
				LD_RUNPATH_SEARCH_PATHS = "$(inherited) @executable_path/Frameworks";
				PRODUCT_NAME = "$(TARGET_NAME)";
				SWIFT_OBJC_BRIDGING_HEADER = "CoreDataPlayground/CoreDataPlayground-Bridging-Header.h";
				SWIFT_OPTIMIZATION_LEVEL = "-Onone";
				TARGETED_DEVICE_FAMILY = "1,2";
			};
			name = Debug;
		};
		F1CC0F501989F37A006EB00F /* Release */ = {
			isa = XCBuildConfiguration;
			buildSettings = {
				ASSETCATALOG_COMPILER_APPICON_NAME = AppIcon;
				ASSETCATALOG_COMPILER_LAUNCHIMAGE_NAME = LaunchImage;
				CLANG_ENABLE_MODULES = YES;
				INFOPLIST_FILE = CoreDataPlayground/Info.plist;
				LD_RUNPATH_SEARCH_PATHS = "$(inherited) @executable_path/Frameworks";
				PRODUCT_NAME = "$(TARGET_NAME)";
				SWIFT_OBJC_BRIDGING_HEADER = "CoreDataPlayground/CoreDataPlayground-Bridging-Header.h";
				TARGETED_DEVICE_FAMILY = "1,2";
			};
			name = Release;
		};
		F1CC0F521989F37A006EB00F /* Debug */ = {
			isa = XCBuildConfiguration;
			buildSettings = {
				BUNDLE_LOADER = "$(BUILT_PRODUCTS_DIR)/CoreDataPlayground.app/CoreDataPlayground";
				FRAMEWORK_SEARCH_PATHS = (
					"$(SDKROOT)/Developer/Library/Frameworks",
					"$(inherited)",
				);
				GCC_PREPROCESSOR_DEFINITIONS = (
					"DEBUG=1",
					"$(inherited)",
				);
				INFOPLIST_FILE = CoreDataPlaygroundTests/Info.plist;
				LD_RUNPATH_SEARCH_PATHS = "$(inherited) @executable_path/Frameworks @loader_path/Frameworks";
				PRODUCT_NAME = "$(TARGET_NAME)";
				TEST_HOST = "$(BUNDLE_LOADER)";
			};
			name = Debug;
		};
		F1CC0F531989F37A006EB00F /* Release */ = {
			isa = XCBuildConfiguration;
			buildSettings = {
				BUNDLE_LOADER = "$(BUILT_PRODUCTS_DIR)/CoreDataPlayground.app/CoreDataPlayground";
				FRAMEWORK_SEARCH_PATHS = (
					"$(SDKROOT)/Developer/Library/Frameworks",
					"$(inherited)",
				);
				INFOPLIST_FILE = CoreDataPlaygroundTests/Info.plist;
				LD_RUNPATH_SEARCH_PATHS = "$(inherited) @executable_path/Frameworks @loader_path/Frameworks";
				PRODUCT_NAME = "$(TARGET_NAME)";
				TEST_HOST = "$(BUNDLE_LOADER)";
			};
			name = Release;
		};
/* End XCBuildConfiguration section */

/* Begin XCConfigurationList section */
		F1CC0F2A1989F37A006EB00F /* Build configuration list for PBXProject "CoreDataPlayground" */ = {
			isa = XCConfigurationList;
			buildConfigurations = (
				F1CC0F4C1989F37A006EB00F /* Debug */,
				F1CC0F4D1989F37A006EB00F /* Release */,
			);
			defaultConfigurationIsVisible = 0;
			defaultConfigurationName = Release;
		};
		F1CC0F4E1989F37A006EB00F /* Build configuration list for PBXNativeTarget "CoreDataPlayground" */ = {
			isa = XCConfigurationList;
			buildConfigurations = (
				F1CC0F4F1989F37A006EB00F /* Debug */,
				F1CC0F501989F37A006EB00F /* Release */,
			);
			defaultConfigurationIsVisible = 0;
			defaultConfigurationName = Release;
		};
		F1CC0F511989F37A006EB00F /* Build configuration list for PBXNativeTarget "CoreDataPlaygroundTests" */ = {
			isa = XCConfigurationList;
			buildConfigurations = (
				F1CC0F521989F37A006EB00F /* Debug */,
				F1CC0F531989F37A006EB00F /* Release */,
			);
			defaultConfigurationIsVisible = 0;
			defaultConfigurationName = Release;
		};
/* End XCConfigurationList section */

/* Begin XCVersionGroup section */
		F1CC0F361989F37A006EB00F /* CoreDataPlayground.xcdatamodeld */ = {
			isa = XCVersionGroup;
			children = (
				F1CC0F371989F37A006EB00F /* CoreDataPlayground.xcdatamodel */,
			);
			currentVersion = F1CC0F371989F37A006EB00F /* CoreDataPlayground.xcdatamodel */;
			path = CoreDataPlayground.xcdatamodeld;
			sourceTree = "<group>";
			versionGroupType = wrapper.xcdatamodel;
		};
/* End XCVersionGroup section */
	};
	rootObject = F1CC0F271989F37A006EB00F /* Project object */;
}
